// !$*UTF8*$!
{
	archiveVersion = 1;
	classes = {
	};
	objectVersion = 50;
	objects = {

/* Begin PBXBuildFile section */
		CC8DD9F420D8EEFA00FBF270 /* AppDelegate.swift in Sources */ = {isa = PBXBuildFile; fileRef = CC8DD9F320D8EEFA00FBF270 /* AppDelegate.swift */; };
		CC8DD9F920D8EEFA00FBF270 /* Main.storyboard in Resources */ = {isa = PBXBuildFile; fileRef = CC8DD9F720D8EEFA00FBF270 /* Main.storyboard */; };
		CC8DD9FC20D8EEFA00FBF270 /* ContactsApp.xcdatamodeld in Sources */ = {isa = PBXBuildFile; fileRef = CC8DD9FA20D8EEFA00FBF270 /* ContactsApp.xcdatamodeld */; };
		CC8DD9FE20D8EEFB00FBF270 /* Assets.xcassets in Resources */ = {isa = PBXBuildFile; fileRef = CC8DD9FD20D8EEFB00FBF270 /* Assets.xcassets */; };
		CC8DDA0120D8EEFB00FBF270 /* LaunchScreen.storyboard in Resources */ = {isa = PBXBuildFile; fileRef = CC8DD9FF20D8EEFB00FBF270 /* LaunchScreen.storyboard */; };
		CC8DDA0B20D913E200FBF270 /* RealEstatePropertyCell.swift in Sources */ = {isa = PBXBuildFile; fileRef = CC8DDA0A20D913E200FBF270 /* RealEstatePropertyCell.swift */; };
		CC8DDA0D20D9141D00FBF270 /* RealEstateProperty.swift in Sources */ = {isa = PBXBuildFile; fileRef = CC8DDA0C20D9141D00FBF270 /* RealEstateProperty.swift */; };
		CC8DDA0F20D915FC00FBF270 /* RealEstatePropertyTableViewController.swift in Sources */ = {isa = PBXBuildFile; fileRef = CC8DDA0E20D915FC00FBF270 /* RealEstatePropertyTableViewController.swift */; };
		CC8DDA1120D91D2200FBF270 /* RealEstatePropertyPresenter.swift in Sources */ = {isa = PBXBuildFile; fileRef = CC8DDA1020D91D2200FBF270 /* RealEstatePropertyPresenter.swift */; };
		CC8DDA1320D91E4A00FBF270 /* PropertyListTableContract.swift in Sources */ = {isa = PBXBuildFile; fileRef = CC8DDA1220D91E4A00FBF270 /* PropertyListTableContract.swift */; };
/* End PBXBuildFile section */

/* Begin PBXFileReference section */
		CC8DD9F020D8EEFA00FBF270 /* ContactsApp.app */ = {isa = PBXFileReference; explicitFileType = wrapper.application; includeInIndex = 0; path = ContactsApp.app; sourceTree = BUILT_PRODUCTS_DIR; };
		CC8DD9F320D8EEFA00FBF270 /* AppDelegate.swift */ = {isa = PBXFileReference; lastKnownFileType = sourcecode.swift; path = AppDelegate.swift; sourceTree = "<group>"; };
		CC8DD9F820D8EEFA00FBF270 /* Base */ = {isa = PBXFileReference; lastKnownFileType = file.storyboard; name = Base; path = Base.lproj/Main.storyboard; sourceTree = "<group>"; };
		CC8DD9FB20D8EEFA00FBF270 /* ContactsApp.xcdatamodel */ = {isa = PBXFileReference; lastKnownFileType = wrapper.xcdatamodel; path = ContactsApp.xcdatamodel; sourceTree = "<group>"; };
		CC8DD9FD20D8EEFB00FBF270 /* Assets.xcassets */ = {isa = PBXFileReference; lastKnownFileType = folder.assetcatalog; path = Assets.xcassets; sourceTree = "<group>"; };
		CC8DDA0020D8EEFB00FBF270 /* Base */ = {isa = PBXFileReference; lastKnownFileType = file.storyboard; name = Base; path = Base.lproj/LaunchScreen.storyboard; sourceTree = "<group>"; };
		CC8DDA0220D8EEFB00FBF270 /* Info.plist */ = {isa = PBXFileReference; lastKnownFileType = text.plist.xml; path = Info.plist; sourceTree = "<group>"; };
		CC8DDA0A20D913E200FBF270 /* RealEstatePropertyCell.swift */ = {isa = PBXFileReference; lastKnownFileType = sourcecode.swift; path = RealEstatePropertyCell.swift; sourceTree = "<group>"; };
		CC8DDA0C20D9141D00FBF270 /* RealEstateProperty.swift */ = {isa = PBXFileReference; lastKnownFileType = sourcecode.swift; path = RealEstateProperty.swift; sourceTree = "<group>"; };
		CC8DDA0E20D915FC00FBF270 /* RealEstatePropertyTableViewController.swift */ = {isa = PBXFileReference; lastKnownFileType = sourcecode.swift; path = RealEstatePropertyTableViewController.swift; sourceTree = "<group>"; };
		CC8DDA1020D91D2200FBF270 /* RealEstatePropertyPresenter.swift */ = {isa = PBXFileReference; lastKnownFileType = sourcecode.swift; path = RealEstatePropertyPresenter.swift; sourceTree = "<group>"; };
		CC8DDA1220D91E4A00FBF270 /* PropertyListTableContract.swift */ = {isa = PBXFileReference; lastKnownFileType = sourcecode.swift; path = PropertyListTableContract.swift; sourceTree = "<group>"; };
/* End PBXFileReference section */

/* Begin PBXFrameworksBuildPhase section */
		CC8DD9ED20D8EEFA00FBF270 /* Frameworks */ = {
			isa = PBXFrameworksBuildPhase;
			buildActionMask = 2147483647;
			files = (
			);
			runOnlyForDeploymentPostprocessing = 0;
		};
/* End PBXFrameworksBuildPhase section */

/* Begin PBXGroup section */
		CC8DD9E720D8EEFA00FBF270 = {
			isa = PBXGroup;
			children = (
				CC8DD9F220D8EEFA00FBF270 /* ContactsApp */,
				CC8DD9F120D8EEFA00FBF270 /* Products */,
			);
			sourceTree = "<group>";
		};
		CC8DD9F120D8EEFA00FBF270 /* Products */ = {
			isa = PBXGroup;
			children = (
				CC8DD9F020D8EEFA00FBF270 /* ContactsApp.app */,
			);
			name = Products;
			sourceTree = "<group>";
		};
		CC8DD9F220D8EEFA00FBF270 /* ContactsApp */ = {
			isa = PBXGroup;
			children = (
				CC8DD9F320D8EEFA00FBF270 /* AppDelegate.swift */,
				CC8DD9F720D8EEFA00FBF270 /* Main.storyboard */,
				CC8DD9FD20D8EEFB00FBF270 /* Assets.xcassets */,
				CC8DD9FF20D8EEFB00FBF270 /* LaunchScreen.storyboard */,
				CC8DDA0220D8EEFB00FBF270 /* Info.plist */,
				CC8DD9FA20D8EEFA00FBF270 /* ContactsApp.xcdatamodeld */,
				CC8DDA0A20D913E200FBF270 /* RealEstatePropertyCell.swift */,
				CC8DDA0C20D9141D00FBF270 /* RealEstateProperty.swift */,
				CC8DDA0E20D915FC00FBF270 /* RealEstatePropertyTableViewController.swift */,
				CC8DDA1020D91D2200FBF270 /* RealEstatePropertyPresenter.swift */,
				CC8DDA1220D91E4A00FBF270 /* PropertyListTableContract.swift */,
			);
			path = ContactsApp;
			sourceTree = "<group>";
		};
/* End PBXGroup section */

/* Begin PBXNativeTarget section */
		CC8DD9EF20D8EEFA00FBF270 /* ContactsApp */ = {
			isa = PBXNativeTarget;
			buildConfigurationList = CC8DDA0520D8EEFB00FBF270 /* Build configuration list for PBXNativeTarget "ContactsApp" */;
			buildPhases = (
				CC8DD9EC20D8EEFA00FBF270 /* Sources */,
				CC8DD9ED20D8EEFA00FBF270 /* Frameworks */,
				CC8DD9EE20D8EEFA00FBF270 /* Resources */,
			);
			buildRules = (
			);
			dependencies = (
			);
			name = ContactsApp;
			productName = ContactsApp;
			productReference = CC8DD9F020D8EEFA00FBF270 /* ContactsApp.app */;
			productType = "com.apple.product-type.application";
		};
/* End PBXNativeTarget section */

/* Begin PBXProject section */
		CC8DD9E820D8EEFA00FBF270 /* Project object */ = {
			isa = PBXProject;
			attributes = {
				LastSwiftUpdateCheck = 0940;
				LastUpgradeCheck = 0940;
				ORGANIZATIONNAME = yading;
				TargetAttributes = {
					CC8DD9EF20D8EEFA00FBF270 = {
						CreatedOnToolsVersion = 9.4.1;
					};
				};
			};
			buildConfigurationList = CC8DD9EB20D8EEFA00FBF270 /* Build configuration list for PBXProject "ContactsApp" */;
			compatibilityVersion = "Xcode 9.3";
			developmentRegion = en;
			hasScannedForEncodings = 0;
			knownRegions = (
				en,
				Base,
			);
			mainGroup = CC8DD9E720D8EEFA00FBF270;
			productRefGroup = CC8DD9F120D8EEFA00FBF270 /* Products */;
			projectDirPath = "";
			projectRoot = "";
			targets = (
				CC8DD9EF20D8EEFA00FBF270 /* ContactsApp */,
			);
		};
/* End PBXProject section */

/* Begin PBXResourcesBuildPhase section */
		CC8DD9EE20D8EEFA00FBF270 /* Resources */ = {
			isa = PBXResourcesBuildPhase;
			buildActionMask = 2147483647;
			files = (
				CC8DDA0120D8EEFB00FBF270 /* LaunchScreen.storyboard in Resources */,
				CC8DD9FE20D8EEFB00FBF270 /* Assets.xcassets in Resources */,
				CC8DD9F920D8EEFA00FBF270 /* Main.storyboard in Resources */,
			);
			runOnlyForDeploymentPostprocessing = 0;
		};
/* End PBXResourcesBuildPhase section */

/* Begin PBXSourcesBuildPhase section */
		CC8DD9EC20D8EEFA00FBF270 /* Sources */ = {
			isa = PBXSourcesBuildPhase;
			buildActionMask = 2147483647;
			files = (
				CC8DDA1320D91E4A00FBF270 /* PropertyListTableContract.swift in Sources */,
				CC8DD9FC20D8EEFA00FBF270 /* ContactsApp.xcdatamodeld in Sources */,
				CC8DDA0D20D9141D00FBF270 /* RealEstateProperty.swift in Sources */,
				CC8DDA0B20D913E200FBF270 /* RealEstatePropertyCell.swift in Sources */,
				CC8DDA1120D91D2200FBF270 /* RealEstatePropertyPresenter.swift in Sources */,
				CC8DDA0F20D915FC00FBF270 /* RealEstatePropertyTableViewController.swift in Sources */,
				CC8DD9F420D8EEFA00FBF270 /* AppDelegate.swift in Sources */,
			);
			runOnlyForDeploymentPostprocessing = 0;
		};
/* End PBXSourcesBuildPhase section */

/* Begin PBXVariantGroup section */
		CC8DD9F720D8EEFA00FBF270 /* Main.storyboard */ = {
			isa = PBXVariantGroup;
			children = (
				CC8DD9F820D8EEFA00FBF270 /* Base */,
			);
			name = Main.storyboard;
			sourceTree = "<group>";
		};
		CC8DD9FF20D8EEFB00FBF270 /* LaunchScreen.storyboard */ = {
			isa = PBXVariantGroup;
			children = (
				CC8DDA0020D8EEFB00FBF270 /* Base */,
			);
			name = LaunchScreen.storyboard;
			sourceTree = "<group>";
		};
/* End PBXVariantGroup section */

/* Begin XCBuildConfiguration section */
		CC8DDA0320D8EEFB00FBF270 /* Debug */ = {
			isa = XCBuildConfiguration;
			buildSettings = {
				ALWAYS_SEARCH_USER_PATHS = NO;
				CLANG_ANALYZER_NONNULL = YES;
				CLANG_ANALYZER_NUMBER_OBJECT_CONVERSION = YES_AGGRESSIVE;
				CLANG_CXX_LANGUAGE_STANDARD = "gnu++14";
				CLANG_CXX_LIBRARY = "libc++";
				CLANG_ENABLE_MODULES = YES;
				CLANG_ENABLE_OBJC_ARC = YES;
				CLANG_ENABLE_OBJC_WEAK = YES;
				CLANG_WARN_BLOCK_CAPTURE_AUTORELEASING = YES;
				CLANG_WARN_BOOL_CONVERSION = YES;
				CLANG_WARN_COMMA = YES;
				CLANG_WARN_CONSTANT_CONVERSION = YES;
				CLANG_WARN_DEPRECATED_OBJC_IMPLEMENTATIONS = YES;
				CLANG_WARN_DIRECT_OBJC_ISA_USAGE = YES_ERROR;
				CLANG_WARN_DOCUMENTATION_COMMENTS = YES;
				CLANG_WARN_EMPTY_BODY = YES;
				CLANG_WARN_ENUM_CONVERSION = YES;
				CLANG_WARN_INFINITE_RECURSION = YES;
				CLANG_WARN_INT_CONVERSION = YES;
				CLANG_WARN_NON_LITERAL_NULL_CONVERSION = YES;
				CLANG_WARN_OBJC_IMPLICIT_RETAIN_SELF = YES;
				CLANG_WARN_OBJC_LITERAL_CONVERSION = YES;
				CLANG_WARN_OBJC_ROOT_CLASS = YES_ERROR;
				CLANG_WARN_RANGE_LOOP_ANALYSIS = YES;
				CLANG_WARN_STRICT_PROTOTYPES = YES;
				CLANG_WARN_SUSPICIOUS_MOVE = YES;
				CLANG_WARN_UNGUARDED_AVAILABILITY = YES_AGGRESSIVE;
				CLANG_WARN_UNREACHABLE_CODE = YES;
				CLANG_WARN__DUPLICATE_METHOD_MATCH = YES;
				CODE_SIGN_IDENTITY = "iPhone Developer";
				COPY_PHASE_STRIP = NO;
				DEBUG_INFORMATION_FORMAT = dwarf;
				ENABLE_STRICT_OBJC_MSGSEND = YES;
				ENABLE_TESTABILITY = YES;
				GCC_C_LANGUAGE_STANDARD = gnu11;
				GCC_DYNAMIC_NO_PIC = NO;
				GCC_NO_COMMON_BLOCKS = YES;
				GCC_OPTIMIZATION_LEVEL = 0;
				GCC_PREPROCESSOR_DEFINITIONS = (
					"DEBUG=1",
					"$(inherited)",
				);
				GCC_WARN_64_TO_32_BIT_CONVERSION = YES;
				GCC_WARN_ABOUT_RETURN_TYPE = YES_ERROR;
				GCC_WARN_UNDECLARED_SELECTOR = YES;
				GCC_WARN_UNINITIALIZED_AUTOS = YES_AGGRESSIVE;
				GCC_WARN_UNUSED_FUNCTION = YES;
				GCC_WARN_UNUSED_VARIABLE = YES;
				IPHONEOS_DEPLOYMENT_TARGET = 11.4;
				MTL_ENABLE_DEBUG_INFO = YES;
				ONLY_ACTIVE_ARCH = YES;
				SDKROOT = iphoneos;
				SWIFT_ACTIVE_COMPILATION_CONDITIONS = DEBUG;
				SWIFT_OPTIMIZATION_LEVEL = "-Onone";
			};
			name = Debug;
		};
		CC8DDA0420D8EEFB00FBF270 /* Release */ = {
			isa = XCBuildConfiguration;
			buildSettings = {
				ALWAYS_SEARCH_USER_PATHS = NO;
				CLANG_ANALYZER_NONNULL = YES;
				CLANG_ANALYZER_NUMBER_OBJECT_CONVERSION = YES_AGGRESSIVE;
				CLANG_CXX_LANGUAGE_STANDARD = "gnu++14";
				CLANG_CXX_LIBRARY = "libc++";
				CLANG_ENABLE_MODULES = YES;
				CLANG_ENABLE_OBJC_ARC = YES;
				CLANG_ENABLE_OBJC_WEAK = YES;
				CLANG_WARN_BLOCK_CAPTURE_AUTORELEASING = YES;
				CLANG_WARN_BOOL_CONVERSION = YES;
				CLANG_WARN_COMMA = YES;
				CLANG_WARN_CONSTANT_CONVERSION = YES;
				CLANG_WARN_DEPRECATED_OBJC_IMPLEMENTATIONS = YES;
				CLANG_WARN_DIRECT_OBJC_ISA_USAGE = YES_ERROR;
				CLANG_WARN_DOCUMENTATION_COMMENTS = YES;
				CLANG_WARN_EMPTY_BODY = YES;
				CLANG_WARN_ENUM_CONVERSION = YES;
				CLANG_WARN_INFINITE_RECURSION = YES;
				CLANG_WARN_INT_CONVERSION = YES;
				CLANG_WARN_NON_LITERAL_NULL_CONVERSION = YES;
				CLANG_WARN_OBJC_IMPLICIT_RETAIN_SELF = YES;
				CLANG_WARN_OBJC_LITERAL_CONVERSION = YES;
				CLANG_WARN_OBJC_ROOT_CLASS = YES_ERROR;
				CLANG_WARN_RANGE_LOOP_ANALYSIS = YES;
				CLANG_WARN_STRICT_PROTOTYPES = YES;
				CLANG_WARN_SUSPICIOUS_MOVE = YES;
				CLANG_WARN_UNGUARDED_AVAILABILITY = YES_AGGRESSIVE;
				CLANG_WARN_UNREACHABLE_CODE = YES;
				CLANG_WARN__DUPLICATE_METHOD_MATCH = YES;
				CODE_SIGN_IDENTITY = "iPhone Developer";
				COPY_PHASE_STRIP = NO;
				DEBUG_INFORMATION_FORMAT = "dwarf-with-dsym";
				ENABLE_NS_ASSERTIONS = NO;
				ENABLE_STRICT_OBJC_MSGSEND = YES;
				GCC_C_LANGUAGE_STANDARD = gnu11;
				GCC_NO_COMMON_BLOCKS = YES;
				GCC_WARN_64_TO_32_BIT_CONVERSION = YES;
				GCC_WARN_ABOUT_RETURN_TYPE = YES_ERROR;
				GCC_WARN_UNDECLARED_SELECTOR = YES;
				GCC_WARN_UNINITIALIZED_AUTOS = YES_AGGRESSIVE;
				GCC_WARN_UNUSED_FUNCTION = YES;
				GCC_WARN_UNUSED_VARIABLE = YES;
				IPHONEOS_DEPLOYMENT_TARGET = 11.4;
				MTL_ENABLE_DEBUG_INFO = NO;
				SDKROOT = iphoneos;
				SWIFT_COMPILATION_MODE = wholemodule;
				SWIFT_OPTIMIZATION_LEVEL = "-O";
				VALIDATE_PRODUCT = YES;
			};
			name = Release;
		};
		CC8DDA0620D8EEFB00FBF270 /* Debug */ = {
			isa = XCBuildConfiguration;
			buildSettings = {
				ASSETCATALOG_COMPILER_APPICON_NAME = AppIcon;
				CODE_SIGN_STYLE = Automatic;
				DEVELOPMENT_TEAM = U5VX66V93X;
				INFOPLIST_FILE = ContactsApp/Info.plist;
				LD_RUNPATH_SEARCH_PATHS = (
					"$(inherited)",
					"@executable_path/Frameworks",
				);
				PRODUCT_BUNDLE_IDENTIFIER = com.yading.ContactsApp;
				PRODUCT_NAME = "$(TARGET_NAME)";
				SWIFT_VERSION = 4.0;
				TARGETED_DEVICE_FAMILY = "1,2";
			};
			name = Debug;
		};
		CC8DDA0720D8EEFB00FBF270 /* Release */ = {
			isa = XCBuildConfiguration;
			buildSettings = {
				ASSETCATALOG_COMPILER_APPICON_NAME = AppIcon;
				CODE_SIGN_STYLE = Automatic;
				DEVELOPMENT_TEAM = U5VX66V93X;
				INFOPLIST_FILE = ContactsApp/Info.plist;
				LD_RUNPATH_SEARCH_PATHS = (
					"$(inherited)",
					"@executable_path/Frameworks",
				);
				PRODUCT_BUNDLE_IDENTIFIER = com.yading.ContactsApp;
				PRODUCT_NAME = "$(TARGET_NAME)";
				SWIFT_VERSION = 4.0;
				TARGETED_DEVICE_FAMILY = "1,2";
			};
			name = Release;
		};
/* End XCBuildConfiguration section */

/* Begin XCConfigurationList section */
		CC8DD9EB20D8EEFA00FBF270 /* Build configuration list for PBXProject "ContactsApp" */ = {
			isa = XCConfigurationList;
			buildConfigurations = (
				CC8DDA0320D8EEFB00FBF270 /* Debug */,
				CC8DDA0420D8EEFB00FBF270 /* Release */,
			);
			defaultConfigurationIsVisible = 0;
			defaultConfigurationName = Release;
		};
		CC8DDA0520D8EEFB00FBF270 /* Build configuration list for PBXNativeTarget "ContactsApp" */ = {
			isa = XCConfigurationList;
			buildConfigurations = (
				CC8DDA0620D8EEFB00FBF270 /* Debug */,
				CC8DDA0720D8EEFB00FBF270 /* Release */,
			);
			defaultConfigurationIsVisible = 0;
			defaultConfigurationName = Release;
		};
/* End XCConfigurationList section */

/* Begin XCVersionGroup section */
		CC8DD9FA20D8EEFA00FBF270 /* ContactsApp.xcdatamodeld */ = {
			isa = XCVersionGroup;
			children = (
				CC8DD9FB20D8EEFA00FBF270 /* ContactsApp.xcdatamodel */,
			);
			currentVersion = CC8DD9FB20D8EEFA00FBF270 /* ContactsApp.xcdatamodel */;
			path = ContactsApp.xcdatamodeld;
			sourceTree = "<group>";
			versionGroupType = wrapper.xcdatamodel;
		};
/* End XCVersionGroup section */
	};
	rootObject = CC8DD9E820D8EEFA00FBF270 /* Project object */;
}
